
Microsoft Visual Studio Solution File, Format Version 12.00
# Visual Studio 15
VisualStudioVersion = 15.0.27130.2036
MinimumVisualStudioVersion = 10.0.40219.1
Project("{FAE04EC0-301F-11D3-BF4B-00C04F79EFBC}") = "Coco", "Coco\Coco.csproj", "{646FA3BC-A11F-4558-95CF-7D6D14E4A526}"
EndProject
Project("{2150E333-8FDC-42A3-9474-1A3956D46DE8}") = "Models", "Models", "{B9AEEAA2-47D6-41C5-9F04-B973B0AE6AB6}"
EndProject
Project("{2150E333-8FDC-42A3-9474-1A3956D46DE8}") = "App", "App", "{9F896ACE-DF7F-47D9-AB3F-CEB1461A00DF}"
EndProject
Project("{FAE04EC0-301F-11D3-BF4B-00C04F79EFBC}") = "Model", "Model\Model.csproj", "{A99FE727-D160-4CFA-8606-CC6672C5988F}"
EndProject
Project("{FAE04EC0-301F-11D3-BF4B-00C04F79EFBC}") = "ModelDto", "ModelDto\ModelDto.csproj", "{BA319C6F-196B-4FF4-A6C1-749205E2C7E3}"
EndProject
Project("{FAE04EC0-301F-11D3-BF4B-00C04F79EFBC}") = "Constants", "Constants\Constants.csproj", "{65E1D569-6CF4-4DC0-9061-E5A33BFB41F7}"
EndProject
Project("{2150E333-8FDC-42A3-9474-1A3956D46DE8}") = "Data", "Data", "{AA539A45-AE6E-4435-82F4-CC42D1F0C7A3}"
EndProject
Project("{FAE04EC0-301F-11D3-BF4B-00C04F79EFBC}") = "DataInitializer", "DataInitializer\DataInitializer.csproj", "{58F0DC26-DE11-4AA9-8B2A-A82267AA265A}"
EndProject
Project("{2150E333-8FDC-42A3-9474-1A3956D46DE8}") = "Repositories", "Repositories", "{703AA41D-6BFF-4FBC-9DC3-04D2F1E546BF}"
EndProject
Project("{FAE04EC0-301F-11D3-BF4B-00C04F79EFBC}") = "Repository", "Repository\Repository.csproj", "{E37A46A9-0AFD-4D46-873F-9350D6D08CA6}"
EndProject
Global
	GlobalSection(SolutionConfigurationPlatforms) = preSolution
		Debug|Any CPU = Debug|Any CPU
		Release|Any CPU = Release|Any CPU
	EndGlobalSection
	GlobalSection(ProjectConfigurationPlatforms) = postSolution
		{646FA3BC-A11F-4558-95CF-7D6D14E4A526}.Debug|Any CPU.ActiveCfg = Debug|Any CPU
		{646FA3BC-A11F-4558-95CF-7D6D14E4A526}.Debug|Any CPU.Build.0 = Debug|Any CPU
		{646FA3BC-A11F-4558-95CF-7D6D14E4A526}.Release|Any CPU.ActiveCfg = Release|Any CPU
		{646FA3BC-A11F-4558-95CF-7D6D14E4A526}.Release|Any CPU.Build.0 = Release|Any CPU
		{A99FE727-D160-4CFA-8606-CC6672C5988F}.Debug|Any CPU.ActiveCfg = Debug|Any CPU
		{A99FE727-D160-4CFA-8606-CC6672C5988F}.Debug|Any CPU.Build.0 = Debug|Any CPU
		{A99FE727-D160-4CFA-8606-CC6672C5988F}.Release|Any CPU.ActiveCfg = Release|Any CPU
		{A99FE727-D160-4CFA-8606-CC6672C5988F}.Release|Any CPU.Build.0 = Release|Any CPU
		{BA319C6F-196B-4FF4-A6C1-749205E2C7E3}.Debug|Any CPU.ActiveCfg = Debug|Any CPU
		{BA319C6F-196B-4FF4-A6C1-749205E2C7E3}.Debug|Any CPU.Build.0 = Debug|Any CPU
		{BA319C6F-196B-4FF4-A6C1-749205E2C7E3}.Release|Any CPU.ActiveCfg = Release|Any CPU
		{BA319C6F-196B-4FF4-A6C1-749205E2C7E3}.Release|Any CPU.Build.0 = Release|Any CPU
		{65E1D569-6CF4-4DC0-9061-E5A33BFB41F7}.Debug|Any CPU.ActiveCfg = Debug|Any CPU
		{65E1D569-6CF4-4DC0-9061-E5A33BFB41F7}.Debug|Any CPU.Build.0 = Debug|Any CPU
		{65E1D569-6CF4-4DC0-9061-E5A33BFB41F7}.Release|Any CPU.ActiveCfg = Release|Any CPU
		{65E1D569-6CF4-4DC0-9061-E5A33BFB41F7}.Release|Any CPU.Build.0 = Release|Any CPU
		{58F0DC26-DE11-4AA9-8B2A-A82267AA265A}.Debug|Any CPU.ActiveCfg = Debug|Any CPU
		{58F0DC26-DE11-4AA9-8B2A-A82267AA265A}.Debug|Any CPU.Build.0 = Debug|Any CPU
		{58F0DC26-DE11-4AA9-8B2A-A82267AA265A}.Release|Any CPU.ActiveCfg = Release|Any CPU
		{58F0DC26-DE11-4AA9-8B2A-A82267AA265A}.Release|Any CPU.Build.0 = Release|Any CPU
		{E37A46A9-0AFD-4D46-873F-9350D6D08CA6}.Debug|Any CPU.ActiveCfg = Debug|Any CPU
		{E37A46A9-0AFD-4D46-873F-9350D6D08CA6}.Debug|Any CPU.Build.0 = Debug|Any CPU
		{E37A46A9-0AFD-4D46-873F-9350D6D08CA6}.Release|Any CPU.ActiveCfg = Release|Any CPU
		{E37A46A9-0AFD-4D46-873F-9350D6D08CA6}.Release|Any CPU.Build.0 = Release|Any CPU
	EndGlobalSection
	GlobalSection(SolutionProperties) = preSolution
		HideSolutionNode = FALSE
	EndGlobalSection
	GlobalSection(NestedProjects) = preSolution
		{646FA3BC-A11F-4558-95CF-7D6D14E4A526} = {9F896ACE-DF7F-47D9-AB3F-CEB1461A00DF}
		{A99FE727-D160-4CFA-8606-CC6672C5988F} = {B9AEEAA2-47D6-41C5-9F04-B973B0AE6AB6}
		{BA319C6F-196B-4FF4-A6C1-749205E2C7E3} = {B9AEEAA2-47D6-41C5-9F04-B973B0AE6AB6}
		{65E1D569-6CF4-4DC0-9061-E5A33BFB41F7} = {B9AEEAA2-47D6-41C5-9F04-B973B0AE6AB6}
		{58F0DC26-DE11-4AA9-8B2A-A82267AA265A} = {AA539A45-AE6E-4435-82F4-CC42D1F0C7A3}
		{E37A46A9-0AFD-4D46-873F-9350D6D08CA6} = {703AA41D-6BFF-4FBC-9DC3-04D2F1E546BF}
	EndGlobalSection
	GlobalSection(ExtensibilityGlobals) = postSolution
		SolutionGuid = {0A2EC2BC-E80D-41C1-B978-AB3C20CA5F8D}
	EndGlobalSection
EndGlobal
